
Microsoft Visual Studio Solution File, Format Version 12.00
# Visual Studio 15
VisualStudioVersion = 15.0.26124.0
MinimumVisualStudioVersion = 15.0.26124.0
Project("{2150E333-8FDC-42A3-9474-1A3956D46DE8}") = "src", "src", "{FB9FA524-2B3E-48B6-A10A-FB5B8740B57E}"
EndProject
Project("{FAE04EC0-301F-11D3-BF4B-00C04F79EFBC}") = "Api", "src\Api\Api.csproj", "{FE676FD1-CA27-4F65-8E9A-43D35051CB5A}"
EndProject
Project("{FAE04EC0-301F-11D3-BF4B-00C04F79EFBC}") = "Application", "src\Application\Application.csproj", "{8C71E02C-D41F-4E48-B01E-C8601DDA5AD8}"
EndProject
Project("{FAE04EC0-301F-11D3-BF4B-00C04F79EFBC}") = "Domain", "src\Domain\Domain.csproj", "{821A6AEC-F593-4678-A70F-19840809430A}"
EndProject
Project("{FAE04EC0-301F-11D3-BF4B-00C04F79EFBC}") = "Infrastructure", "src\Infrastructure\Infrastructure.csproj", "{8DCB4489-FAA7-4BA5-9FEA-3DC2894625F3}"
EndProject
Project("{2150E333-8FDC-42A3-9474-1A3956D46DE8}") = "tests", "tests", "{78EB8782-0FF7-429C-BED8-D7AA364D729E}"
EndProject
Project("{FAE04EC0-301F-11D3-BF4B-00C04F79EFBC}") = "Shared", "tests\Shared\Tests.Shared.csproj", "{77406749-4253-44A7-ADFC-F8BDDEECF692}"
EndProject
Project("{FAE04EC0-301F-11D3-BF4B-00C04F79EFBC}") = "Infrastructure", "tests\Infrastructure\Tests.Infrastructure.csproj", "{205898F6-B291-452F-8BA9-1CC611F8635E}"
EndProject
Project("{FAE04EC0-301F-11D3-BF4B-00C04F79EFBC}") = "Domain", "tests\Domain\Tests.Domain.csproj", "{4117C60D-433A-4104-B8E9-4F9FCBB83D53}"
EndProject
Project("{FAE04EC0-301F-11D3-BF4B-00C04F79EFBC}") = "Application", "tests\Application\Tests.Application.csproj", "{26F0768A-5176-4053-9AD0-61D9331E32AE}"
EndProject
Project("{FAE04EC0-301F-11D3-BF4B-00C04F79EFBC}") = "Api", "tests\Api\Tests.Api.csproj", "{DE876DAD-6FF4-4D6C-9E4A-7A6102E78749}"
EndProject
Project("{FAE04EC0-301F-11D3-BF4B-00C04F79EFBC}") = "Persistence", "src\Persistence\Persistence.csproj", "{723C92F7-90BB-49EE-BA81-CDB4C188948C}"
EndProject
Project("{FAE04EC0-301F-11D3-BF4B-00C04F79EFBC}") = "Persistence", "tests\Persistence\Persistence.csproj", "{3F3D2E32-9BF7-4B39-85F7-C6378F3C3C0D}"
EndProject
Global
	GlobalSection(SolutionConfigurationPlatforms) = preSolution
		Debug|Any CPU = Debug|Any CPU
		Debug|x64 = Debug|x64
		Debug|x86 = Debug|x86
		Release|Any CPU = Release|Any CPU
		Release|x64 = Release|x64
		Release|x86 = Release|x86
	EndGlobalSection
	GlobalSection(SolutionProperties) = preSolution
		HideSolutionNode = FALSE
	EndGlobalSection
	GlobalSection(ProjectConfigurationPlatforms) = postSolution
		{FE676FD1-CA27-4F65-8E9A-43D35051CB5A}.Debug|Any CPU.ActiveCfg = Debug|Any CPU
		{FE676FD1-CA27-4F65-8E9A-43D35051CB5A}.Debug|Any CPU.Build.0 = Debug|Any CPU
		{FE676FD1-CA27-4F65-8E9A-43D35051CB5A}.Debug|x64.ActiveCfg = Debug|Any CPU
		{FE676FD1-CA27-4F65-8E9A-43D35051CB5A}.Debug|x64.Build.0 = Debug|Any CPU
		{FE676FD1-CA27-4F65-8E9A-43D35051CB5A}.Debug|x86.ActiveCfg = Debug|Any CPU
		{FE676FD1-CA27-4F65-8E9A-43D35051CB5A}.Debug|x86.Build.0 = Debug|Any CPU
		{FE676FD1-CA27-4F65-8E9A-43D35051CB5A}.Release|Any CPU.ActiveCfg = Release|Any CPU
		{FE676FD1-CA27-4F65-8E9A-43D35051CB5A}.Release|Any CPU.Build.0 = Release|Any CPU
		{FE676FD1-CA27-4F65-8E9A-43D35051CB5A}.Release|x64.ActiveCfg = Release|Any CPU
		{FE676FD1-CA27-4F65-8E9A-43D35051CB5A}.Release|x64.Build.0 = Release|Any CPU
		{FE676FD1-CA27-4F65-8E9A-43D35051CB5A}.Release|x86.ActiveCfg = Release|Any CPU
		{FE676FD1-CA27-4F65-8E9A-43D35051CB5A}.Release|x86.Build.0 = Release|Any CPU
		{8C71E02C-D41F-4E48-B01E-C8601DDA5AD8}.Debug|Any CPU.ActiveCfg = Debug|Any CPU
		{8C71E02C-D41F-4E48-B01E-C8601DDA5AD8}.Debug|Any CPU.Build.0 = Debug|Any CPU
		{8C71E02C-D41F-4E48-B01E-C8601DDA5AD8}.Debug|x64.ActiveCfg = Debug|Any CPU
		{8C71E02C-D41F-4E48-B01E-C8601DDA5AD8}.Debug|x64.Build.0 = Debug|Any CPU
		{8C71E02C-D41F-4E48-B01E-C8601DDA5AD8}.Debug|x86.ActiveCfg = Debug|Any CPU
		{8C71E02C-D41F-4E48-B01E-C8601DDA5AD8}.Debug|x86.Build.0 = Debug|Any CPU
		{8C71E02C-D41F-4E48-B01E-C8601DDA5AD8}.Release|Any CPU.ActiveCfg = Release|Any CPU
		{8C71E02C-D41F-4E48-B01E-C8601DDA5AD8}.Release|Any CPU.Build.0 = Release|Any CPU
		{8C71E02C-D41F-4E48-B01E-C8601DDA5AD8}.Release|x64.ActiveCfg = Release|Any CPU
		{8C71E02C-D41F-4E48-B01E-C8601DDA5AD8}.Release|x64.Build.0 = Release|Any CPU
		{8C71E02C-D41F-4E48-B01E-C8601DDA5AD8}.Release|x86.ActiveCfg = Release|Any CPU
		{8C71E02C-D41F-4E48-B01E-C8601DDA5AD8}.Release|x86.Build.0 = Release|Any CPU
		{821A6AEC-F593-4678-A70F-19840809430A}.Debug|Any CPU.ActiveCfg = Debug|Any CPU
		{821A6AEC-F593-4678-A70F-19840809430A}.Debug|Any CPU.Build.0 = Debug|Any CPU
		{821A6AEC-F593-4678-A70F-19840809430A}.Debug|x64.ActiveCfg = Debug|Any CPU
		{821A6AEC-F593-4678-A70F-19840809430A}.Debug|x64.Build.0 = Debug|Any CPU
		{821A6AEC-F593-4678-A70F-19840809430A}.Debug|x86.ActiveCfg = Debug|Any CPU
		{821A6AEC-F593-4678-A70F-19840809430A}.Debug|x86.Build.0 = Debug|Any CPU
		{821A6AEC-F593-4678-A70F-19840809430A}.Release|Any CPU.ActiveCfg = Release|Any CPU
		{821A6AEC-F593-4678-A70F-19840809430A}.Release|Any CPU.Build.0 = Release|Any CPU
		{821A6AEC-F593-4678-A70F-19840809430A}.Release|x64.ActiveCfg = Release|Any CPU
		{821A6AEC-F593-4678-A70F-19840809430A}.Release|x64.Build.0 = Release|Any CPU
		{821A6AEC-F593-4678-A70F-19840809430A}.Release|x86.ActiveCfg = Release|Any CPU
		{821A6AEC-F593-4678-A70F-19840809430A}.Release|x86.Build.0 = Release|Any CPU
		{8DCB4489-FAA7-4BA5-9FEA-3DC2894625F3}.Debug|Any CPU.ActiveCfg = Debug|Any CPU
		{8DCB4489-FAA7-4BA5-9FEA-3DC2894625F3}.Debug|Any CPU.Build.0 = Debug|Any CPU
		{8DCB4489-FAA7-4BA5-9FEA-3DC2894625F3}.Debug|x64.ActiveCfg = Debug|Any CPU
		{8DCB4489-FAA7-4BA5-9FEA-3DC2894625F3}.Debug|x64.Build.0 = Debug|Any CPU
		{8DCB4489-FAA7-4BA5-9FEA-3DC2894625F3}.Debug|x86.ActiveCfg = Debug|Any CPU
		{8DCB4489-FAA7-4BA5-9FEA-3DC2894625F3}.Debug|x86.Build.0 = Debug|Any CPU
		{8DCB4489-FAA7-4BA5-9FEA-3DC2894625F3}.Release|Any CPU.ActiveCfg = Release|Any CPU
		{8DCB4489-FAA7-4BA5-9FEA-3DC2894625F3}.Release|Any CPU.Build.0 = Release|Any CPU
		{8DCB4489-FAA7-4BA5-9FEA-3DC2894625F3}.Release|x64.ActiveCfg = Release|Any CPU
		{8DCB4489-FAA7-4BA5-9FEA-3DC2894625F3}.Release|x64.Build.0 = Release|Any CPU
		{8DCB4489-FAA7-4BA5-9FEA-3DC2894625F3}.Release|x86.ActiveCfg = Release|Any CPU
		{8DCB4489-FAA7-4BA5-9FEA-3DC2894625F3}.Release|x86.Build.0 = Release|Any CPU
		{77406749-4253-44A7-ADFC-F8BDDEECF692}.Debug|Any CPU.ActiveCfg = Debug|Any CPU
		{77406749-4253-44A7-ADFC-F8BDDEECF692}.Debug|Any CPU.Build.0 = Debug|Any CPU
		{77406749-4253-44A7-ADFC-F8BDDEECF692}.Debug|x64.ActiveCfg = Debug|Any CPU
		{77406749-4253-44A7-ADFC-F8BDDEECF692}.Debug|x64.Build.0 = Debug|Any CPU
		{77406749-4253-44A7-ADFC-F8BDDEECF692}.Debug|x86.ActiveCfg = Debug|Any CPU
		{77406749-4253-44A7-ADFC-F8BDDEECF692}.Debug|x86.Build.0 = Debug|Any CPU
		{77406749-4253-44A7-ADFC-F8BDDEECF692}.Release|Any CPU.ActiveCfg = Release|Any CPU
		{77406749-4253-44A7-ADFC-F8BDDEECF692}.Release|Any CPU.Build.0 = Release|Any CPU
		{77406749-4253-44A7-ADFC-F8BDDEECF692}.Release|x64.ActiveCfg = Release|Any CPU
		{77406749-4253-44A7-ADFC-F8BDDEECF692}.Release|x64.Build.0 = Release|Any CPU
		{77406749-4253-44A7-ADFC-F8BDDEECF692}.Release|x86.ActiveCfg = Release|Any CPU
		{77406749-4253-44A7-ADFC-F8BDDEECF692}.Release|x86.Build.0 = Release|Any CPU
		{205898F6-B291-452F-8BA9-1CC611F8635E}.Debug|Any CPU.ActiveCfg = Debug|Any CPU
		{205898F6-B291-452F-8BA9-1CC611F8635E}.Debug|Any CPU.Build.0 = Debug|Any CPU
		{205898F6-B291-452F-8BA9-1CC611F8635E}.Debug|x64.ActiveCfg = Debug|Any CPU
		{205898F6-B291-452F-8BA9-1CC611F8635E}.Debug|x64.Build.0 = Debug|Any CPU
		{205898F6-B291-452F-8BA9-1CC611F8635E}.Debug|x86.ActiveCfg = Debug|Any CPU
		{205898F6-B291-452F-8BA9-1CC611F8635E}.Debug|x86.Build.0 = Debug|Any CPU
		{205898F6-B291-452F-8BA9-1CC611F8635E}.Release|Any CPU.ActiveCfg = Release|Any CPU
		{205898F6-B291-452F-8BA9-1CC611F8635E}.Release|Any CPU.Build.0 = Release|Any CPU
		{205898F6-B291-452F-8BA9-1CC611F8635E}.Release|x64.ActiveCfg = Release|Any CPU
		{205898F6-B291-452F-8BA9-1CC611F8635E}.Release|x64.Build.0 = Release|Any CPU
		{205898F6-B291-452F-8BA9-1CC611F8635E}.Release|x86.ActiveCfg = Release|Any CPU
		{205898F6-B291-452F-8BA9-1CC611F8635E}.Release|x86.Build.0 = Release|Any CPU
		{4117C60D-433A-4104-B8E9-4F9FCBB83D53}.Debug|Any CPU.ActiveCfg = Debug|Any CPU
		{4117C60D-433A-4104-B8E9-4F9FCBB83D53}.Debug|Any CPU.Build.0 = Debug|Any CPU
		{4117C60D-433A-4104-B8E9-4F9FCBB83D53}.Debug|x64.ActiveCfg = Debug|Any CPU
		{4117C60D-433A-4104-B8E9-4F9FCBB83D53}.Debug|x64.Build.0 = Debug|Any CPU
		{4117C60D-433A-4104-B8E9-4F9FCBB83D53}.Debug|x86.ActiveCfg = Debug|Any CPU
		{4117C60D-433A-4104-B8E9-4F9FCBB83D53}.Debug|x86.Build.0 = Debug|Any CPU
		{4117C60D-433A-4104-B8E9-4F9FCBB83D53}.Release|Any CPU.ActiveCfg = Release|Any CPU
		{4117C60D-433A-4104-B8E9-4F9FCBB83D53}.Release|Any CPU.Build.0 = Release|Any CPU
		{4117C60D-433A-4104-B8E9-4F9FCBB83D53}.Release|x64.ActiveCfg = Release|Any CPU
		{4117C60D-433A-4104-B8E9-4F9FCBB83D53}.Release|x64.Build.0 = Release|Any CPU
		{4117C60D-433A-4104-B8E9-4F9FCBB83D53}.Release|x86.ActiveCfg = Release|Any CPU
		{4117C60D-433A-4104-B8E9-4F9FCBB83D53}.Release|x86.Build.0 = Release|Any CPU
		{26F0768A-5176-4053-9AD0-61D9331E32AE}.Debug|Any CPU.ActiveCfg = Debug|Any CPU
		{26F0768A-5176-4053-9AD0-61D9331E32AE}.Debug|Any CPU.Build.0 = Debug|Any CPU
		{26F0768A-5176-4053-9AD0-61D9331E32AE}.Debug|x64.ActiveCfg = Debug|Any CPU
		{26F0768A-5176-4053-9AD0-61D9331E32AE}.Debug|x64.Build.0 = Debug|Any CPU
		{26F0768A-5176-4053-9AD0-61D9331E32AE}.Debug|x86.ActiveCfg = Debug|Any CPU
		{26F0768A-5176-4053-9AD0-61D9331E32AE}.Debug|x86.Build.0 = Debug|Any CPU
		{26F0768A-5176-4053-9AD0-61D9331E32AE}.Release|Any CPU.ActiveCfg = Release|Any CPU
		{26F0768A-5176-4053-9AD0-61D9331E32AE}.Release|Any CPU.Build.0 = Release|Any CPU
		{26F0768A-5176-4053-9AD0-61D9331E32AE}.Release|x64.ActiveCfg = Release|Any CPU
		{26F0768A-5176-4053-9AD0-61D9331E32AE}.Release|x64.Build.0 = Release|Any CPU
		{26F0768A-5176-4053-9AD0-61D9331E32AE}.Release|x86.ActiveCfg = Release|Any CPU
		{26F0768A-5176-4053-9AD0-61D9331E32AE}.Release|x86.Build.0 = Release|Any CPU
		{DE876DAD-6FF4-4D6C-9E4A-7A6102E78749}.Debug|Any CPU.ActiveCfg = Debug|Any CPU
		{DE876DAD-6FF4-4D6C-9E4A-7A6102E78749}.Debug|Any CPU.Build.0 = Debug|Any CPU
		{DE876DAD-6FF4-4D6C-9E4A-7A6102E78749}.Debug|x64.ActiveCfg = Debug|Any CPU
		{DE876DAD-6FF4-4D6C-9E4A-7A6102E78749}.Debug|x64.Build.0 = Debug|Any CPU
		{DE876DAD-6FF4-4D6C-9E4A-7A6102E78749}.Debug|x86.ActiveCfg = Debug|Any CPU
		{DE876DAD-6FF4-4D6C-9E4A-7A6102E78749}.Debug|x86.Build.0 = Debug|Any CPU
		{DE876DAD-6FF4-4D6C-9E4A-7A6102E78749}.Release|Any CPU.ActiveCfg = Release|Any CPU
		{DE876DAD-6FF4-4D6C-9E4A-7A6102E78749}.Release|Any CPU.Build.0 = Release|Any CPU
		{DE876DAD-6FF4-4D6C-9E4A-7A6102E78749}.Release|x64.ActiveCfg = Release|Any CPU
		{DE876DAD-6FF4-4D6C-9E4A-7A6102E78749}.Release|x64.Build.0 = Release|Any CPU
		{DE876DAD-6FF4-4D6C-9E4A-7A6102E78749}.Release|x86.ActiveCfg = Release|Any CPU
		{DE876DAD-6FF4-4D6C-9E4A-7A6102E78749}.Release|x86.Build.0 = Release|Any CPU
		{723C92F7-90BB-49EE-BA81-CDB4C188948C}.Debug|Any CPU.ActiveCfg = Debug|Any CPU
		{723C92F7-90BB-49EE-BA81-CDB4C188948C}.Debug|Any CPU.Build.0 = Debug|Any CPU
		{723C92F7-90BB-49EE-BA81-CDB4C188948C}.Debug|x64.ActiveCfg = Debug|Any CPU
		{723C92F7-90BB-49EE-BA81-CDB4C188948C}.Debug|x64.Build.0 = Debug|Any CPU
		{723C92F7-90BB-49EE-BA81-CDB4C188948C}.Debug|x86.ActiveCfg = Debug|Any CPU
		{723C92F7-90BB-49EE-BA81-CDB4C188948C}.Debug|x86.Build.0 = Debug|Any CPU
		{723C92F7-90BB-49EE-BA81-CDB4C188948C}.Release|Any CPU.ActiveCfg = Release|Any CPU
		{723C92F7-90BB-49EE-BA81-CDB4C188948C}.Release|Any CPU.Build.0 = Release|Any CPU
		{723C92F7-90BB-49EE-BA81-CDB4C188948C}.Release|x64.ActiveCfg = Release|Any CPU
		{723C92F7-90BB-49EE-BA81-CDB4C188948C}.Release|x64.Build.0 = Release|Any CPU
		{723C92F7-90BB-49EE-BA81-CDB4C188948C}.Release|x86.ActiveCfg = Release|Any CPU
		{723C92F7-90BB-49EE-BA81-CDB4C188948C}.Release|x86.Build.0 = Release|Any CPU
		{3F3D2E32-9BF7-4B39-85F7-C6378F3C3C0D}.Debug|Any CPU.ActiveCfg = Debug|Any CPU
		{3F3D2E32-9BF7-4B39-85F7-C6378F3C3C0D}.Debug|Any CPU.Build.0 = Debug|Any CPU
		{3F3D2E32-9BF7-4B39-85F7-C6378F3C3C0D}.Debug|x64.ActiveCfg = Debug|Any CPU
		{3F3D2E32-9BF7-4B39-85F7-C6378F3C3C0D}.Debug|x64.Build.0 = Debug|Any CPU
		{3F3D2E32-9BF7-4B39-85F7-C6378F3C3C0D}.Debug|x86.ActiveCfg = Debug|Any CPU
		{3F3D2E32-9BF7-4B39-85F7-C6378F3C3C0D}.Debug|x86.Build.0 = Debug|Any CPU
		{3F3D2E32-9BF7-4B39-85F7-C6378F3C3C0D}.Release|Any CPU.ActiveCfg = Release|Any CPU
		{3F3D2E32-9BF7-4B39-85F7-C6378F3C3C0D}.Release|Any CPU.Build.0 = Release|Any CPU
		{3F3D2E32-9BF7-4B39-85F7-C6378F3C3C0D}.Release|x64.ActiveCfg = Release|Any CPU
		{3F3D2E32-9BF7-4B39-85F7-C6378F3C3C0D}.Release|x64.Build.0 = Release|Any CPU
		{3F3D2E32-9BF7-4B39-85F7-C6378F3C3C0D}.Release|x86.ActiveCfg = Release|Any CPU
		{3F3D2E32-9BF7-4B39-85F7-C6378F3C3C0D}.Release|x86.Build.0 = Release|Any CPU
	EndGlobalSection
	GlobalSection(NestedProjects) = preSolution
		{FE676FD1-CA27-4F65-8E9A-43D35051CB5A} = {FB9FA524-2B3E-48B6-A10A-FB5B8740B57E}
		{8C71E02C-D41F-4E48-B01E-C8601DDA5AD8} = {FB9FA524-2B3E-48B6-A10A-FB5B8740B57E}
		{821A6AEC-F593-4678-A70F-19840809430A} = {FB9FA524-2B3E-48B6-A10A-FB5B8740B57E}
		{8DCB4489-FAA7-4BA5-9FEA-3DC2894625F3} = {FB9FA524-2B3E-48B6-A10A-FB5B8740B57E}
		{77406749-4253-44A7-ADFC-F8BDDEECF692} = {78EB8782-0FF7-429C-BED8-D7AA364D729E}
		{205898F6-B291-452F-8BA9-1CC611F8635E} = {78EB8782-0FF7-429C-BED8-D7AA364D729E}
		{4117C60D-433A-4104-B8E9-4F9FCBB83D53} = {78EB8782-0FF7-429C-BED8-D7AA364D729E}
		{26F0768A-5176-4053-9AD0-61D9331E32AE} = {78EB8782-0FF7-429C-BED8-D7AA364D729E}
		{DE876DAD-6FF4-4D6C-9E4A-7A6102E78749} = {78EB8782-0FF7-429C-BED8-D7AA364D729E}
		{723C92F7-90BB-49EE-BA81-CDB4C188948C} = {FB9FA524-2B3E-48B6-A10A-FB5B8740B57E}
		{3F3D2E32-9BF7-4B39-85F7-C6378F3C3C0D} = {78EB8782-0FF7-429C-BED8-D7AA364D729E}
	EndGlobalSection
EndGlobal
